{
  "R": {
    "Version": "4.5.1",
    "Repositories": [
      {
        "Name": "INHOUSE",
        "URL": "https://aegisrspm.aegis-web-dev.tcci-int.chugai-pharm.co.jp/aegis-R4.5.1-dev/__linux__/noble/latest"
      }
    ]
  },
  "Packages": {
    "pkgA": {
      "Package": "pkgA",
      "Version": "2.5.1",
      "Source": "Repository",
      "Repository": "https://example.com/repo",
      "Requirements": [
        "R"
      ],
      "Hash": "470851b6d5d0ac559e9d01bb352b4021"
    }
  }
}
